
Microsoft Visual Studio Solution File, Format Version 12.00
# Visual Studio Version 17
VisualStudioVersion = 17.5.002.0
MinimumVisualStudioVersion = 10.0.40219.1
Project("{9A19103F-16F7-4668-BE54-9A1E7A4F7556}") = "Combat-Critters_2.0", "Combat-Critters_2.0.csproj", "{7E2B4BBE-4EE8-4B48-85E4-DAEB732B5BD7}"
EndProject
Global
	GlobalSection(SolutionConfigurationPlatforms) = preSolution
		Debug|Any CPU = Debug|Any CPU
		Release|Any CPU = Release|Any CPU
	EndGlobalSection
	GlobalSection(ProjectConfigurationPlatforms) = postSolution
		{7E2B4BBE-4EE8-4B48-85E4-DAEB732B5BD7}.Debug|Any CPU.ActiveCfg = Debug|Any CPU
		{7E2B4BBE-4EE8-4B48-85E4-DAEB732B5BD7}.Debug|Any CPU.Build.0 = Debug|Any CPU
		{7E2B4BBE-4EE8-4B48-85E4-DAEB732B5BD7}.Release|Any CPU.ActiveCfg = Release|Any CPU
		{7E2B4BBE-4EE8-4B48-85E4-DAEB732B5BD7}.Release|Any CPU.Build.0 = Release|Any CPU
	EndGlobalSection
	GlobalSection(SolutionProperties) = preSolution
		HideSolutionNode = FALSE
	EndGlobalSection
	GlobalSection(ExtensibilityGlobals) = postSolution
		SolutionGuid = {924983FB-7266-43D4-B37B-1EED69F9AFE0}
	EndGlobalSection
EndGlobal
